
Microsoft Visual Studio Solution File, Format Version 12.00
# Visual Studio Version 16
VisualStudioVersion = 16.0.31205.134
MinimumVisualStudioVersion = 10.0.40219.1
Project("{FAE04EC0-301F-11D3-BF4B-00C04F79EFBC}") = "FluentMigration.Sample", "FluentMigrator.Sample\FluentMigration.Sample.csproj", "{3D1C146F-EF37-42CA-B5C6-59CBEF12559E}"
EndProject
Global
	GlobalSection(SolutionConfigurationPlatforms) = preSolution
		Debug|Any CPU = Debug|Any CPU
		Release|Any CPU = Release|Any CPU
	EndGlobalSection
	GlobalSection(ProjectConfigurationPlatforms) = postSolution
		{3D1C146F-EF37-42CA-B5C6-59CBEF12559E}.Debug|Any CPU.ActiveCfg = Debug|Any CPU
		{3D1C146F-EF37-42CA-B5C6-59CBEF12559E}.Debug|Any CPU.Build.0 = Debug|Any CPU
		{3D1C146F-EF37-42CA-B5C6-59CBEF12559E}.Release|Any CPU.ActiveCfg = Release|Any CPU
		{3D1C146F-EF37-42CA-B5C6-59CBEF12559E}.Release|Any CPU.Build.0 = Release|Any CPU
	EndGlobalSection
	GlobalSection(SolutionProperties) = preSolution
		HideSolutionNode = FALSE
	EndGlobalSection
	GlobalSection(ExtensibilityGlobals) = postSolution
		SolutionGuid = {AECA3B33-10C3-440B-B35C-36F2C98F03AC}
	EndGlobalSection
EndGlobal
